
Microsoft Visual Studio Solution File, Format Version 12.00
# Visual Studio Version 16
VisualStudioVersion = 16.0.30413.136
MinimumVisualStudioVersion = 10.0.40219.1
Project("{FAE04EC0-301F-11D3-BF4B-00C04F79EFBC}") = "RentATool1", "RentATool1.csproj", "{052654F5-B325-4950-AB68-FB2110CC662D}"
EndProject
Global
	GlobalSection(SolutionConfigurationPlatforms) = preSolution
		Debug|Any CPU = Debug|Any CPU
		Release|Any CPU = Release|Any CPU
	EndGlobalSection
	GlobalSection(ProjectConfigurationPlatforms) = postSolution
		{052654F5-B325-4950-AB68-FB2110CC662D}.Debug|Any CPU.ActiveCfg = Debug|Any CPU
		{052654F5-B325-4950-AB68-FB2110CC662D}.Debug|Any CPU.Build.0 = Debug|Any CPU
		{052654F5-B325-4950-AB68-FB2110CC662D}.Release|Any CPU.ActiveCfg = Release|Any CPU
		{052654F5-B325-4950-AB68-FB2110CC662D}.Release|Any CPU.Build.0 = Release|Any CPU
	EndGlobalSection
	GlobalSection(SolutionProperties) = preSolution
		HideSolutionNode = FALSE
	EndGlobalSection
	GlobalSection(ExtensibilityGlobals) = postSolution
		SolutionGuid = {A1763C89-2E48-45DA-A013-5C42A9430079}
	EndGlobalSection
EndGlobal
